
Microsoft Visual Studio Solution File, Format Version 12.00
# Visual Studio Version 17
VisualStudioVersion = 17.8.34330.188
MinimumVisualStudioVersion = 10.0.40219.1
Project("{9A19103F-16F7-4668-BE54-9A1E7A4F7556}") = "Leopotam.Ecs", "Leopotam.Ecs.csproj", "{E76FB1B7-7603-4E51-B9FE-CE3503841D86}"
EndProject
Global
	GlobalSection(SolutionConfigurationPlatforms) = preSolution
		Debug|Any CPU = Debug|Any CPU
		Release|Any CPU = Release|Any CPU
	EndGlobalSection
	GlobalSection(ProjectConfigurationPlatforms) = postSolution
		{E76FB1B7-7603-4E51-B9FE-CE3503841D86}.Debug|Any CPU.ActiveCfg = Debug|Any CPU
		{E76FB1B7-7603-4E51-B9FE-CE3503841D86}.Debug|Any CPU.Build.0 = Debug|Any CPU
		{E76FB1B7-7603-4E51-B9FE-CE3503841D86}.Release|Any CPU.ActiveCfg = Release|Any CPU
		{E76FB1B7-7603-4E51-B9FE-CE3503841D86}.Release|Any CPU.Build.0 = Release|Any CPU
	EndGlobalSection
	GlobalSection(SolutionProperties) = preSolution
		HideSolutionNode = FALSE
	EndGlobalSection
	GlobalSection(ExtensibilityGlobals) = postSolution
		SolutionGuid = {3E3C4F69-5875-4824-B726-C672C68AAC62}
	EndGlobalSection
EndGlobal
